
Microsoft Visual Studio Solution File, Format Version 12.00
# Visual Studio Version 16
VisualStudioVersion = 16.0.31410.357
MinimumVisualStudioVersion = 10.0.40219.1
Project("{FAE04EC0-301F-11D3-BF4B-00C04F79EFBC}") = "MoreBats", "MoreBats\MoreBats.csproj", "{78F7A934-60B2-4B49-BBD3-8438F4403E17}"
EndProject
Global
	GlobalSection(SolutionConfigurationPlatforms) = preSolution
		Debug|Any CPU = Debug|Any CPU
		Release|Any CPU = Release|Any CPU
	EndGlobalSection
	GlobalSection(ProjectConfigurationPlatforms) = postSolution
		{78F7A934-60B2-4B49-BBD3-8438F4403E17}.Debug|Any CPU.ActiveCfg = Debug|Any CPU
		{78F7A934-60B2-4B49-BBD3-8438F4403E17}.Debug|Any CPU.Build.0 = Debug|Any CPU
		{78F7A934-60B2-4B49-BBD3-8438F4403E17}.Release|Any CPU.ActiveCfg = Release|Any CPU
		{78F7A934-60B2-4B49-BBD3-8438F4403E17}.Release|Any CPU.Build.0 = Release|Any CPU
	EndGlobalSection
	GlobalSection(SolutionProperties) = preSolution
		HideSolutionNode = FALSE
	EndGlobalSection
	GlobalSection(ExtensibilityGlobals) = postSolution
		SolutionGuid = {46BDCE2C-E187-45C7-AEEB-182B9443A688}
	EndGlobalSection
EndGlobal
